// !$*UTF8*$!
{
	archiveVersion = 1;
	classes = {
	};
	objectVersion = 55;
	objects = {

/* Begin PBXBuildFile section */
		3E1E007C281FF12400236DF2 /* AppDelegate.m in Sources */ = {isa = PBXBuildFile; fileRef = 3E1E007B281FF12400236DF2 /* AppDelegate.m */; };
		3E1E007F281FF12400236DF2 /* SceneDelegate.m in Sources */ = {isa = PBXBuildFile; fileRef = 3E1E007E281FF12400236DF2 /* SceneDelegate.m */; };
		3E1E0082281FF12400236DF2 /* ViewController.m in Sources */ = {isa = PBXBuildFile; fileRef = 3E1E0081281FF12400236DF2 /* ViewController.m */; };
		3E1E0085281FF12400236DF2 /* Main.storyboard in Resources */ = {isa = PBXBuildFile; fileRef = 3E1E0083281FF12400236DF2 /* Main.storyboard */; };
		3E1E008A281FF12600236DF2 /* Assets.xcassets in Resources */ = {isa = PBXBuildFile; fileRef = 3E1E0089281FF12600236DF2 /* Assets.xcassets */; };
		3E1E008D281FF12600236DF2 /* LaunchScreen.storyboard in Resources */ = {isa = PBXBuildFile; fileRef = 3E1E008B281FF12600236DF2 /* LaunchScreen.storyboard */; };
		3E1E0090281FF12600236DF2 /* main.m in Sources */ = {isa = PBXBuildFile; fileRef = 3E1E008F281FF12600236DF2 /* main.m */; };
		3EF75335282442FB00CB90AB /* Metal.framework in Frameworks */ = {isa = PBXBuildFile; fileRef = 3EF75334282442FB00CB90AB /* Metal.framework */; };
		3EF753372824430200CB90AB /* MetalKit.framework in Frameworks */ = {isa = PBXBuildFile; fileRef = 3EF753362824430200CB90AB /* MetalKit.framework */; };
/* End PBXBuildFile section */

/* Begin PBXFileReference section */
		3E1E0077281FF12400236DF2 /* LocalCamera_Objc.app */ = {isa = PBXFileReference; explicitFileType = wrapper.application; includeInIndex = 0; path = LocalCamera_Objc.app; sourceTree = BUILT_PRODUCTS_DIR; };
		3E1E007A281FF12400236DF2 /* AppDelegate.h */ = {isa = PBXFileReference; lastKnownFileType = sourcecode.c.h; path = AppDelegate.h; sourceTree = "<group>"; };
		3E1E007B281FF12400236DF2 /* AppDelegate.m */ = {isa = PBXFileReference; lastKnownFileType = sourcecode.c.objc; path = AppDelegate.m; sourceTree = "<group>"; };
		3E1E007D281FF12400236DF2 /* SceneDelegate.h */ = {isa = PBXFileReference; lastKnownFileType = sourcecode.c.h; path = SceneDelegate.h; sourceTree = "<group>"; };
		3E1E007E281FF12400236DF2 /* SceneDelegate.m */ = {isa = PBXFileReference; lastKnownFileType = sourcecode.c.objc; path = SceneDelegate.m; sourceTree = "<group>"; };
		3E1E0080281FF12400236DF2 /* ViewController.h */ = {isa = PBXFileReference; lastKnownFileType = sourcecode.c.h; path = ViewController.h; sourceTree = "<group>"; };
		3E1E0081281FF12400236DF2 /* ViewController.m */ = {isa = PBXFileReference; lastKnownFileType = sourcecode.c.objc; path = ViewController.m; sourceTree = "<group>"; };
		3E1E0084281FF12400236DF2 /* Base */ = {isa = PBXFileReference; lastKnownFileType = file.storyboard; name = Base; path = Base.lproj/Main.storyboard; sourceTree = "<group>"; };
		3E1E0089281FF12600236DF2 /* Assets.xcassets */ = {isa = PBXFileReference; lastKnownFileType = folder.assetcatalog; path = Assets.xcassets; sourceTree = "<group>"; };
		3E1E008C281FF12600236DF2 /* Base */ = {isa = PBXFileReference; lastKnownFileType = file.storyboard; name = Base; path = Base.lproj/LaunchScreen.storyboard; sourceTree = "<group>"; };
		3E1E008E281FF12600236DF2 /* Info.plist */ = {isa = PBXFileReference; lastKnownFileType = text.plist.xml; path = Info.plist; sourceTree = "<group>"; };
		3E1E008F281FF12600236DF2 /* main.m */ = {isa = PBXFileReference; lastKnownFileType = sourcecode.c.objc; path = main.m; sourceTree = "<group>"; };
		3EF75334282442FB00CB90AB /* Metal.framework */ = {isa = PBXFileReference; lastKnownFileType = wrapper.framework; name = Metal.framework; path = System/Library/Frameworks/Metal.framework; sourceTree = SDKROOT; };
		3EF753362824430200CB90AB /* MetalKit.framework */ = {isa = PBXFileReference; lastKnownFileType = wrapper.framework; name = MetalKit.framework; path = System/Library/Frameworks/MetalKit.framework; sourceTree = SDKROOT; };
/* End PBXFileReference section */

/* Begin PBXFrameworksBuildPhase section */
		3E1E0074281FF12400236DF2 /* Frameworks */ = {
			isa = PBXFrameworksBuildPhase;
			buildActionMask = 2147483647;
			files = (
				3EF753372824430200CB90AB /* MetalKit.framework in Frameworks */,
				3EF75335282442FB00CB90AB /* Metal.framework in Frameworks */,
			);
			runOnlyForDeploymentPostprocessing = 0;
		};
/* End PBXFrameworksBuildPhase section */

/* Begin PBXGroup section */
		3E1E006E281FF12400236DF2 = {
			isa = PBXGroup;
			children = (
				3E1E0079281FF12400236DF2 /* LocalCamera_Objc */,
				3E1E0078281FF12400236DF2 /* Products */,
				3EF75333282442FB00CB90AB /* Frameworks */,
			);
			sourceTree = "<group>";
		};
		3E1E0078281FF12400236DF2 /* Products */ = {
			isa = PBXGroup;
			children = (
				3E1E0077281FF12400236DF2 /* LocalCamera_Objc.app */,
			);
			name = Products;
			sourceTree = "<group>";
		};
		3E1E0079281FF12400236DF2 /* LocalCamera_Objc */ = {
			isa = PBXGroup;
			children = (
				3E1E007A281FF12400236DF2 /* AppDelegate.h */,
				3E1E007B281FF12400236DF2 /* AppDelegate.m */,
				3E1E007D281FF12400236DF2 /* SceneDelegate.h */,
				3E1E007E281FF12400236DF2 /* SceneDelegate.m */,
				3E1E0080281FF12400236DF2 /* ViewController.h */,
				3E1E0081281FF12400236DF2 /* ViewController.m */,
				3E1E0083281FF12400236DF2 /* Main.storyboard */,
				3E1E0089281FF12600236DF2 /* Assets.xcassets */,
				3E1E008B281FF12600236DF2 /* LaunchScreen.storyboard */,
				3E1E008E281FF12600236DF2 /* Info.plist */,
				3E1E008F281FF12600236DF2 /* main.m */,
			);
			path = LocalCamera_Objc;
			sourceTree = "<group>";
		};
		3EF75333282442FB00CB90AB /* Frameworks */ = {
			isa = PBXGroup;
			children = (
				3EF753362824430200CB90AB /* MetalKit.framework */,
				3EF75334282442FB00CB90AB /* Metal.framework */,
			);
			name = Frameworks;
			sourceTree = "<group>";
		};
/* End PBXGroup section */

/* Begin PBXNativeTarget section */
		3E1E0076281FF12400236DF2 /* LocalCamera_Objc */ = {
			isa = PBXNativeTarget;
			buildConfigurationList = 3E1E0093281FF12600236DF2 /* Build configuration list for PBXNativeTarget "LocalCamera_Objc" */;
			buildPhases = (
				3E1E0073281FF12400236DF2 /* Sources */,
				3E1E0074281FF12400236DF2 /* Frameworks */,
				3E1E0075281FF12400236DF2 /* Resources */,
			);
			buildRules = (
			);
			dependencies = (
			);
			name = LocalCamera_Objc;
			productName = LocalCamera_Objc;
			productReference = 3E1E0077281FF12400236DF2 /* LocalCamera_Objc.app */;
			productType = "com.apple.product-type.application";
		};
/* End PBXNativeTarget section */

/* Begin PBXProject section */
		3E1E006F281FF12400236DF2 /* Project object */ = {
			isa = PBXProject;
			attributes = {
				BuildIndependentTargetsInParallel = 1;
				LastUpgradeCheck = 1330;
				TargetAttributes = {
					3E1E0076281FF12400236DF2 = {
						CreatedOnToolsVersion = 13.3.1;
					};
				};
			};
			buildConfigurationList = 3E1E0072281FF12400236DF2 /* Build configuration list for PBXProject "LocalCamera_Objc" */;
			compatibilityVersion = "Xcode 13.0";
			developmentRegion = en;
			hasScannedForEncodings = 0;
			knownRegions = (
				en,
				Base,
			);
			mainGroup = 3E1E006E281FF12400236DF2;
			productRefGroup = 3E1E0078281FF12400236DF2 /* Products */;
			projectDirPath = "";
			projectRoot = "";
			targets = (
				3E1E0076281FF12400236DF2 /* LocalCamera_Objc */,
			);
		};
/* End PBXProject section */

/* Begin PBXResourcesBuildPhase section */
		3E1E0075281FF12400236DF2 /* Resources */ = {
			isa = PBXResourcesBuildPhase;
			buildActionMask = 2147483647;
			files = (
				3E1E008D281FF12600236DF2 /* LaunchScreen.storyboard in Resources */,
				3E1E008A281FF12600236DF2 /* Assets.xcassets in Resources */,
				3E1E0085281FF12400236DF2 /* Main.storyboard in Resources */,
			);
			runOnlyForDeploymentPostprocessing = 0;
		};
/* End PBXResourcesBuildPhase section */

/* Begin PBXSourcesBuildPhase section */
		3E1E0073281FF12400236DF2 /* Sources */ = {
			isa = PBXSourcesBuildPhase;
			buildActionMask = 2147483647;
			files = (
				3E1E0090281FF12600236DF2 /* main.m in Sources */,
				3E1E0082281FF12400236DF2 /* ViewController.m in Sources */,
				3E1E007C281FF12400236DF2 /* AppDelegate.m in Sources */,
				3E1E007F281FF12400236DF2 /* SceneDelegate.m in Sources */,
			);
			runOnlyForDeploymentPostprocessing = 0;
		};
/* End PBXSourcesBuildPhase section */

/* Begin PBXVariantGroup section */
		3E1E0083281FF12400236DF2 /* Main.storyboard */ = {
			isa = PBXVariantGroup;
			children = (
				3E1E0084281FF12400236DF2 /* Base */,
			);
			name = Main.storyboard;
			sourceTree = "<group>";
		};
		3E1E008B281FF12600236DF2 /* LaunchScreen.storyboard */ = {
			isa = PBXVariantGroup;
			children = (
				3E1E008C281FF12600236DF2 /* Base */,
			);
			name = LaunchScreen.storyboard;
			sourceTree = "<group>";
		};
/* End PBXVariantGroup section */

/* Begin XCBuildConfiguration section */
		3E1E0091281FF12600236DF2 /* Debug */ = {
			isa = XCBuildConfiguration;
			buildSettings = {
				ALWAYS_SEARCH_USER_PATHS = NO;
				CLANG_ANALYZER_NONNULL = YES;
				CLANG_ANALYZER_NUMBER_OBJECT_CONVERSION = YES_AGGRESSIVE;
				CLANG_CXX_LANGUAGE_STANDARD = "gnu++17";
				CLANG_ENABLE_MODULES = YES;
				CLANG_ENABLE_OBJC_ARC = YES;
				CLANG_ENABLE_OBJC_WEAK = YES;
				CLANG_WARN_BLOCK_CAPTURE_AUTORELEASING = YES;
				CLANG_WARN_BOOL_CONVERSION = YES;
				CLANG_WARN_COMMA = YES;
				CLANG_WARN_CONSTANT_CONVERSION = YES;
				CLANG_WARN_DEPRECATED_OBJC_IMPLEMENTATIONS = YES;
				CLANG_WARN_DIRECT_OBJC_ISA_USAGE = YES_ERROR;
				CLANG_WARN_DOCUMENTATION_COMMENTS = YES;
				CLANG_WARN_EMPTY_BODY = YES;
				CLANG_WARN_ENUM_CONVERSION = YES;
				CLANG_WARN_INFINITE_RECURSION = YES;
				CLANG_WARN_INT_CONVERSION = YES;
				CLANG_WARN_NON_LITERAL_NULL_CONVERSION = YES;
				CLANG_WARN_OBJC_IMPLICIT_RETAIN_SELF = YES;
				CLANG_WARN_OBJC_LITERAL_CONVERSION = YES;
				CLANG_WARN_OBJC_ROOT_CLASS = YES_ERROR;
				CLANG_WARN_QUOTED_INCLUDE_IN_FRAMEWORK_HEADER = YES;
				CLANG_WARN_RANGE_LOOP_ANALYSIS = YES;
				CLANG_WARN_STRICT_PROTOTYPES = YES;
				CLANG_WARN_SUSPICIOUS_MOVE = YES;
				CLANG_WARN_UNGUARDED_AVAILABILITY = YES_AGGRESSIVE;
				CLANG_WARN_UNREACHABLE_CODE = YES;
				CLANG_WARN__DUPLICATE_METHOD_MATCH = YES;
				COPY_PHASE_STRIP = NO;
				DEBUG_INFORMATION_FORMAT = dwarf;
				ENABLE_STRICT_OBJC_MSGSEND = YES;
				ENABLE_TESTABILITY = YES;
				GCC_C_LANGUAGE_STANDARD = gnu11;
				GCC_DYNAMIC_NO_PIC = NO;
				GCC_NO_COMMON_BLOCKS = YES;
				GCC_OPTIMIZATION_LEVEL = 0;
				GCC_PREPROCESSOR_DEFINITIONS = (
					"DEBUG=1",
					"$(inherited)",
				);
				GCC_WARN_64_TO_32_BIT_CONVERSION = YES;
				GCC_WARN_ABOUT_RETURN_TYPE = YES_ERROR;
				GCC_WARN_UNDECLARED_SELECTOR = YES;
				GCC_WARN_UNINITIALIZED_AUTOS = YES_AGGRESSIVE;
				GCC_WARN_UNUSED_FUNCTION = YES;
				GCC_WARN_UNUSED_VARIABLE = YES;
				IPHONEOS_DEPLOYMENT_TARGET = 15.4;
				MTL_ENABLE_DEBUG_INFO = INCLUDE_SOURCE;
				MTL_FAST_MATH = YES;
				ONLY_ACTIVE_ARCH = YES;
				SDKROOT = iphoneos;
			};
			name = Debug;
		};
		3E1E0092281FF12600236DF2 /* Release */ = {
			isa = XCBuildConfiguration;
			buildSettings = {
				ALWAYS_SEARCH_USER_PATHS = NO;
				CLANG_ANALYZER_NONNULL = YES;
				CLANG_ANALYZER_NUMBER_OBJECT_CONVERSION = YES_AGGRESSIVE;
				CLANG_CXX_LANGUAGE_STANDARD = "gnu++17";
				CLANG_ENABLE_MODULES = YES;
				CLANG_ENABLE_OBJC_ARC = YES;
				CLANG_ENABLE_OBJC_WEAK = YES;
				CLANG_WARN_BLOCK_CAPTURE_AUTORELEASING = YES;
				CLANG_WARN_BOOL_CONVERSION = YES;
				CLANG_WARN_COMMA = YES;
				CLANG_WARN_CONSTANT_CONVERSION = YES;
				CLANG_WARN_DEPRECATED_OBJC_IMPLEMENTATIONS = YES;
				CLANG_WARN_DIRECT_OBJC_ISA_USAGE = YES_ERROR;
				CLANG_WARN_DOCUMENTATION_COMMENTS = YES;
				CLANG_WARN_EMPTY_BODY = YES;
				CLANG_WARN_ENUM_CONVERSION = YES;
				CLANG_WARN_INFINITE_RECURSION = YES;
				CLANG_WARN_INT_CONVERSION = YES;
				CLANG_WARN_NON_LITERAL_NULL_CONVERSION = YES;
				CLANG_WARN_OBJC_IMPLICIT_RETAIN_SELF = YES;
				CLANG_WARN_OBJC_LITERAL_CONVERSION = YES;
				CLANG_WARN_OBJC_ROOT_CLASS = YES_ERROR;
				CLANG_WARN_QUOTED_INCLUDE_IN_FRAMEWORK_HEADER = YES;
				CLANG_WARN_RANGE_LOOP_ANALYSIS = YES;
				CLANG_WARN_STRICT_PROTOTYPES = YES;
				CLANG_WARN_SUSPICIOUS_MOVE = YES;
				CLANG_WARN_UNGUARDED_AVAILABILITY = YES_AGGRESSIVE;
				CLANG_WARN_UNREACHABLE_CODE = YES;
				CLANG_WARN__DUPLICATE_METHOD_MATCH = YES;
				COPY_PHASE_STRIP = NO;
				DEBUG_INFORMATION_FORMAT = "dwarf-with-dsym";
				ENABLE_NS_ASSERTIONS = NO;
				ENABLE_STRICT_OBJC_MSGSEND = YES;
				GCC_C_LANGUAGE_STANDARD = gnu11;
				GCC_NO_COMMON_BLOCKS = YES;
				GCC_WARN_64_TO_32_BIT_CONVERSION = YES;
				GCC_WARN_ABOUT_RETURN_TYPE = YES_ERROR;
				GCC_WARN_UNDECLARED_SELECTOR = YES;
				GCC_WARN_UNINITIALIZED_AUTOS = YES_AGGRESSIVE;
				GCC_WARN_UNUSED_FUNCTION = YES;
				GCC_WARN_UNUSED_VARIABLE = YES;
				IPHONEOS_DEPLOYMENT_TARGET = 15.4;
				MTL_ENABLE_DEBUG_INFO = NO;
				MTL_FAST_MATH = YES;
				SDKROOT = iphoneos;
				VALIDATE_PRODUCT = YES;
			};
			name = Release;
		};
		3E1E0094281FF12600236DF2 /* Debug */ = {
			isa = XCBuildConfiguration;
			buildSettings = {
				ASSETCATALOG_COMPILER_APPICON_NAME = AppIcon;
				ASSETCATALOG_COMPILER_GLOBAL_ACCENT_COLOR_NAME = AccentColor;
				CODE_SIGN_STYLE = Automatic;
				CURRENT_PROJECT_VERSION = 1;
				DEVELOPMENT_TEAM = BR8CN8N4Y6;
				GENERATE_INFOPLIST_FILE = YES;
				INFOPLIST_FILE = LocalCamera_Objc/Info.plist;
				INFOPLIST_KEY_NSCameraUsageDescription = "Camera permissions for preview";
				INFOPLIST_KEY_UIApplicationSupportsIndirectInputEvents = YES;
				INFOPLIST_KEY_UILaunchStoryboardName = LaunchScreen;
				INFOPLIST_KEY_UIMainStoryboardFile = Main;
				INFOPLIST_KEY_UISupportedInterfaceOrientations_iPad = "UIInterfaceOrientationPortrait UIInterfaceOrientationPortraitUpsideDown UIInterfaceOrientationLandscapeLeft UIInterfaceOrientationLandscapeRight";
				INFOPLIST_KEY_UISupportedInterfaceOrientations_iPhone = "UIInterfaceOrientationPortrait UIInterfaceOrientationLandscapeLeft UIInterfaceOrientationLandscapeRight";
				LD_RUNPATH_SEARCH_PATHS = (
					"$(inherited)",
					"@executable_path/Frameworks",
				);
				MARKETING_VERSION = 1.0;
				PRODUCT_BUNDLE_IDENTIFIER = "com.SeongMinK.LocalCamera-Objc";
				PRODUCT_NAME = "$(TARGET_NAME)";
				SWIFT_EMIT_LOC_STRINGS = YES;
				TARGETED_DEVICE_FAMILY = "1,2";
			};
			name = Debug;
		};
		3E1E0095281FF12600236DF2 /* Release */ = {
			isa = XCBuildConfiguration;
			buildSettings = {
				ASSETCATALOG_COMPILER_APPICON_NAME = AppIcon;
				ASSETCATALOG_COMPILER_GLOBAL_ACCENT_COLOR_NAME = AccentColor;
				CODE_SIGN_STYLE = Automatic;
				CURRENT_PROJECT_VERSION = 1;
				DEVELOPMENT_TEAM = BR8CN8N4Y6;
				GENERATE_INFOPLIST_FILE = YES;
				INFOPLIST_FILE = LocalCamera_Objc/Info.plist;
				INFOPLIST_KEY_NSCameraUsageDescription = "Camera permissions for preview";
				INFOPLIST_KEY_UIApplicationSupportsIndirectInputEvents = YES;
				INFOPLIST_KEY_UILaunchStoryboardName = LaunchScreen;
				INFOPLIST_KEY_UIMainStoryboardFile = Main;
				INFOPLIST_KEY_UISupportedInterfaceOrientations_iPad = "UIInterfaceOrientationPortrait UIInterfaceOrientationPortraitUpsideDown UIInterfaceOrientationLandscapeLeft UIInterfaceOrientationLandscapeRight";
				INFOPLIST_KEY_UISupportedInterfaceOrientations_iPhone = "UIInterfaceOrientationPortrait UIInterfaceOrientationLandscapeLeft UIInterfaceOrientationLandscapeRight";
				LD_RUNPATH_SEARCH_PATHS = (
					"$(inherited)",
					"@executable_path/Frameworks",
				);
				MARKETING_VERSION = 1.0;
				PRODUCT_BUNDLE_IDENTIFIER = "com.SeongMinK.LocalCamera-Objc";
				PRODUCT_NAME = "$(TARGET_NAME)";
				SWIFT_EMIT_LOC_STRINGS = YES;
				TARGETED_DEVICE_FAMILY = "1,2";
			};
			name = Release;
		};
/* End XCBuildConfiguration section */

/* Begin XCConfigurationList section */
		3E1E0072281FF12400236DF2 /* Build configuration list for PBXProject "LocalCamera_Objc" */ = {
			isa = XCConfigurationList;
			buildConfigurations = (
				3E1E0091281FF12600236DF2 /* Debug */,
				3E1E0092281FF12600236DF2 /* Release */,
			);
			defaultConfigurationIsVisible = 0;
			defaultConfigurationName = Release;
		};
		3E1E0093281FF12600236DF2 /* Build configuration list for PBXNativeTarget "LocalCamera_Objc" */ = {
			isa = XCConfigurationList;
			buildConfigurations = (
				3E1E0094281FF12600236DF2 /* Debug */,
				3E1E0095281FF12600236DF2 /* Release */,
			);
			defaultConfigurationIsVisible = 0;
			defaultConfigurationName = Release;
		};
/* End XCConfigurationList section */
	};
	rootObject = 3E1E006F281FF12400236DF2 /* Project object */;
}
